[[dependencies]]
name = "forge-std"
version = "1.11.0"
url = "https://soldeer-revisions.s3.amazonaws.com/forge-std/1_11_0_09-10-2025_06:23:22_forge-std-1.11.zip"
checksum = "0290ef84c693dc9086f98f6a9b4a69dc5c2b6aa1cfe10a989bd1def1a456c099"
integrity = "84aa7d32f8c7329468cf16f31f0f74e68072e634fdbde98f3bb00c6b136103b2"

[[dependencies]]
name = "smartcontractkit-chainlink-evm"
version = "0.3.2"
url = "https://soldeer-revisions.s3.amazonaws.com/smartcontractkit-chainlink-evm/0_3_2_21-08-2025_05:55:43_smartcontractkit-chainlink-evm-0.3.zip"
checksum = "440af4394db269f09e57bf1df0155663cee7d07488758d1991e79cd7e05908ce"
integrity = "e71eae2a239fd39e532814ac86b2c9f2676158756cb5f1defa08fe49a402a0ca"
